git.sr.ht/~whereswaldon/forest-go v0.0.0-20191120025940-60f0c3cebd30 h1:1FOgwD13xo2fTRqnq878Lpp4eg0tGaY+xtEf8mTOJ/o=
git.sr.ht/~whereswaldon/forest-go v0.0.0-20191120025940-60f0c3cebd30/go.mod h1:LV1LNV6Mg4ajBo2fOTk16RIaC9Oh8pB+SpgXev6kAoU=
git.sr.ht/~whereswaldon/forest-go v0.0.0-20191121211948-559a3de408da h1:D+uEZkESsrMDRwGPja/jmgZWQi95DkWKfbpeioIxloI=
git.sr.ht/~whereswaldon/forest-go v0.0.0-20191121211948-559a3de408da/go.mod h1:LV1LNV6Mg4ajBo2fOTk16RIaC9Oh8pB+SpgXev6kAoU=
git.sr.ht/~whereswaldon/forest-go v0.0.0-20200118182215-368b04ef634a h1:C75B0Wml40CD9Y5gS52zmH/bQhoahXuNhQIQEU5c9ng=
git.sr.ht/~whereswaldon/forest-go v0.0.0-20200118182215-368b04ef634a/go.mod h1:LV1LNV6Mg4ajBo2fOTk16RIaC9Oh8pB+SpgXev6kAoU=
git.sr.ht/~whereswaldon/forest-go v0.0.0-20200120012240-7dc11b582628 h1:pRY57dlZLlSD22w17VJRiNIEJmWLpHgVhMovYdQq3DU=
git.sr.ht/~whereswaldon/forest-go v0.0.0-20200120012240-7dc11b582628/go.mod h1:LV1LNV6Mg4ajBo2fOTk16RIaC9Oh8pB+SpgXev6kAoU=
git.sr.ht/~whereswaldon/forest-go v0.0.0-20200120025351-f029d3f09162 h1:C4yhShu0yYiyGVEOmW40rwAYYoDaS8ZxHj1KGpCHFxQ=
git.sr.ht/~whereswaldon/forest-go v0.0.0-20200120025351-f029d3f09162/go.mod h1:LV1LNV6Mg4ajBo2fOTk16RIaC9Oh8pB+SpgXev6kAoU=
git.sr.ht/~whereswaldon/sprout-go v0.0.0-20191121205705-5c9c56677b09 h1:MykHS1M7WJTZetTn0CT+X/CxXfBtGAR+bv+k+V9V0yI=
git.sr.ht/~whereswaldon/sprout-go v0.0.0-20191121205705-5c9c56677b09/go.mod h1:c1+jlrZfyMjQa9e7/TywAPsIw+JF6Kza9u54/ksHHqQ=
git.sr.ht/~whereswaldon/sprout-go v0.0.0-20200110020007-b453c046837e h1:8UiUrMLQQdZUcGeIYyC47VYk3sue9MSvd+uqMTXCFIE=
git.sr.ht/~whereswaldon/sprout-go v0.0.0-20200110020007-b453c046837e/go.mod h1:PsgrkxcnBkB8EYk/WQrbe51Ykel/WHAln3yx+cTN5ig=
github.com/0xAX/notificator v0.0.0-20181105090803-d81462e38c21 h1:moSC7ACaTejHmVRRwfDTMgByRSwjg2vZooncdWLj7o8=
github.com/0xAX/notificator v0.0.0-20181105090803-d81462e38c21/go.mod h1:NtXa9WwQsukMHZpjNakTTz0LArxvGYdPA9CjIcUSZ6s=
github.com/DATA-DOG/go-sqlmock v1.3.3 h1:CWUqKXe0s8A2z6qCgkP4Kru7wC11YoAnoupUKFDnH08=
github.com/DATA-DOG/go-sqlmock v1.3.3/go.mod h1:f/Ixk793poVmq4qj/V1dPUg2JEAKC73Q5eFN3EC/SaM=
github.com/bbrks/wrap/v2 v2.3.1-0.20191113183707-81f8a5d714b8 h1:u4Ag9klQt1+3pH+Kjlknk2OlFAywsBG1PBJLl4qQqnk=
github.com/bbrks/wrap/v2 v2.3.1-0.20191113183707-81f8a5d714b8/go.mod h1:FdEamYFrsjX8zlv3UXgnT3JxirrDv67jCDYaE0Q/qww=
github.com/fsnotify/fsnotify v1.4.7 h1:IXs+QLmnXW2CcXuY+8Mzv/fWEsPGWxqefPtCP5CnV9I=
github.com/fsnotify/fsnotify v1.4.7/go.mod h1:jwhsz4b93w/PPRr/qN1Yymfu8t87LnFCMoQvtojpjFo=
github.com/gdamore/encoding v1.0.0 h1:+7OoQ1Bc6eTm5niUzBa0Ctsh6JbMW6Ra+YNuAtDBdko=
github.com/gdamore/encoding v1.0.0/go.mod h1:alR0ol34c49FCSBLjhosxzcPHQbf2trDkoo5dl+VrEg=
github.com/gdamore/tcell v1.3.0 h1:r35w0JBADPZCVQijYebl6YMWWtHRqVEGt7kL2eBADRM=
github.com/gdamore/tcell v1.3.0/go.mod h1:Hjvr+Ofd+gLglo7RYKxxnzCBmev3BzsS67MebKS4zMM=
github.com/lucasb-eyer/go-colorful v1.0.2 h1:mCMFu6PgSozg9tDNMMK3g18oJBX7oYGrC09mS6CXfO4=
github.com/lucasb-eyer/go-colorful v1.0.2/go.mod h1:0MS4r+7BZKSJ5mw4/S5MPN+qHFF1fYclkSPilDOKW0s=
github.com/mattn/go-runewidth v0.0.4 h1:2BvfKmzob6Bmd4YsL0zygOqfdFnK7GR4QL06Do4/p7Y=
github.com/mattn/go-runewidth v0.0.4/go.mod h1:LwmH8dsx7+W8Uxz3IHJYH5QSwggIsqBzpuz5H//U1FU=
github.com/pkg/profile v1.3.0 h1:OQIvuDgm00gWVWGTf4m4mCt6W1/0YqU7Ntg0mySWgaI=
github.com/pkg/profile v1.3.0/go.mod h1:hJw3o1OdXxsrSjjVksARp5W95eeEaEfptyVZyv6JUPA=
golang.org/x/crypto v0.0.0-20190308221718-c2843e01d9a2/go.mod h1:djNgcEr1/C05ACkg1iLfiJU5Ep61QUkGW8qpdssI0+w=
golang.org/x/crypto v0.0.0-20190513172903-22d7a77e9e5f h1:R423Cnkcp5JABoeemiGEPlt9tHXFfw5kvc0yqlxRPWo=
golang.org/x/crypto v0.0.0-20190513172903-22d7a77e9e5f/go.mod h1:yigFU9vqHzYiE8UmvKecakEJjdnWj3jj499lnFckfCI=
golang.org/x/net v0.0.0-20190404232315-eb5bcb51f2a3/go.mod h1:t9HGtf8HONx5eT2rtn7q6eTqICYqUVnKs3thJo3Qplg=
golang.org/x/sys v0.0.0-20190215142949-d0b11bdaac8a/go.mod h1:STP8DvDyc/dI5b8T5hshtkjS+E42TnysNCUPdjciGhY=
golang.org/x/sys v0.0.0-20190412213103-97732733099d h1:+R4KGOnez64A81RvjARKc4UT5/tI9ujCIVX+P5KiHuI=
golang.org/x/sys v0.0.0-20190412213103-97732733099d/go.mod h1:h1NjWce9XRLGQEsW7wpKNCjG9DtNlClVuFLEZdDNbEs=
golang.org/x/sys v0.0.0-20190626150813-e07cf5db2756 h1:9nuHUbU8dRnRRfj9KjWUVrJeoexdbeMjttk6Oh1rD10=
golang.org/x/sys v0.0.0-20190626150813-e07cf5db2756/go.mod h1:h1NjWce9XRLGQEsW7wpKNCjG9DtNlClVuFLEZdDNbEs=
golang.org/x/text v0.3.0 h1:g61tztE5qeGQ89tm6NTjjM9VPIm088od1l6aSorWRWg=
golang.org/x/text v0.3.0/go.mod h1:NqM8EUOU14njkJ3fqMW+pc6Ldnwhi/IjpwHt7yyuwOQ=
